{
  "pins" : [
    {
      "identity" : "pokebowl",
      "kind" : "remoteSourceControl",
      "location" : "https://github.com/simonbromberg/PokeBowl/",
      "state" : {
        "branch" : "main",
        "revision" : "d3ff42590b271cbedeb221460c3fdfd3c8572028"
      }
    }
  ],
  "version" : 2
}
