{
  "pins" : [
    {
      "identity" : "asyncmap",
      "kind" : "remoteSourceControl",
      "location" : "https://github.com/simonbromberg/AsyncMap.git",
      "state" : {
        "revision" : "e21c8957e0ade84904a1ec594e500353908cb4fc",
        "version" : "0.0.1"
      }
    },
    {
      "identity" : "matchinggame",
      "kind" : "remoteSourceControl",
      "location" : "https://github.com/simonbromberg/MatchingGame.git",
      "state" : {
        "revision" : "325e4f1c545f9a5c86dfdf3a5fa743b7ca9ad792",
        "version" : "0.1.0"
      }
    },
    {
      "identity" : "optionalunwrap",
      "kind" : "remoteSourceControl",
      "location" : "https://github.com/simonbromberg/OptionalUnwrap.git",
      "state" : {
        "revision" : "024982c3c2c30f7aac701b98f0822e7011900d86",
        "version" : "0.0.1"
      }
    }
  ],
  "version" : 2
}
